
Microsoft Visual Studio Solution File, Format Version 12.00
# Visual Studio Version 17
VisualStudioVersion = 17.3.32819.101
MinimumVisualStudioVersion = 10.0.40219.1
Project("{FAE04EC0-301F-11D3-BF4B-00C04F79EFBC}") = "Lms4", "Lms4\Lms4.csproj", "{F1B2E6C6-A5E0-49B9-968E-E57A7E2D77C8}"
EndProject
Global
	GlobalSection(SolutionConfigurationPlatforms) = preSolution
		Debug|Any CPU = Debug|Any CPU
		Release|Any CPU = Release|Any CPU
	EndGlobalSection
	GlobalSection(ProjectConfigurationPlatforms) = postSolution
		{F1B2E6C6-A5E0-49B9-968E-E57A7E2D77C8}.Debug|Any CPU.ActiveCfg = Debug|Any CPU
		{F1B2E6C6-A5E0-49B9-968E-E57A7E2D77C8}.Debug|Any CPU.Build.0 = Debug|Any CPU
		{F1B2E6C6-A5E0-49B9-968E-E57A7E2D77C8}.Release|Any CPU.ActiveCfg = Release|Any CPU
		{F1B2E6C6-A5E0-49B9-968E-E57A7E2D77C8}.Release|Any CPU.Build.0 = Release|Any CPU
	EndGlobalSection
	GlobalSection(SolutionProperties) = preSolution
		HideSolutionNode = FALSE
	EndGlobalSection
	GlobalSection(ExtensibilityGlobals) = postSolution
		SolutionGuid = {35210B26-8C93-4BAB-A87F-431F70A38202}
	EndGlobalSection
EndGlobal
